
Microsoft Visual Studio Solution File, Format Version 12.00
# Visual Studio Version 17
VisualStudioVersion = 17.7.34018.315
MinimumVisualStudioVersion = 10.0.40219.1
Project("{FAE04EC0-301F-11D3-BF4B-00C04F79EFBC}") = "Hello World 2", "Hello World 2.csproj", "{10EE3E52-0809-4413-ABAE-349AB1AC85F5}"
EndProject
Global
	GlobalSection(SolutionConfigurationPlatforms) = preSolution
		Debug|Any CPU = Debug|Any CPU
		Release|Any CPU = Release|Any CPU
	EndGlobalSection
	GlobalSection(ProjectConfigurationPlatforms) = postSolution
		{10EE3E52-0809-4413-ABAE-349AB1AC85F5}.Debug|Any CPU.ActiveCfg = Debug|Any CPU
		{10EE3E52-0809-4413-ABAE-349AB1AC85F5}.Debug|Any CPU.Build.0 = Debug|Any CPU
		{10EE3E52-0809-4413-ABAE-349AB1AC85F5}.Release|Any CPU.ActiveCfg = Release|Any CPU
		{10EE3E52-0809-4413-ABAE-349AB1AC85F5}.Release|Any CPU.Build.0 = Release|Any CPU
	EndGlobalSection
	GlobalSection(SolutionProperties) = preSolution
		HideSolutionNode = FALSE
	EndGlobalSection
	GlobalSection(ExtensibilityGlobals) = postSolution
		SolutionGuid = {7F545B2A-11EF-4FEC-BBB3-6433EF7DE594}
	EndGlobalSection
EndGlobal
